# THIS IS AN AUTOGENERATED FILE. DO NOT EDIT THIS FILE DIRECTLY.
# yarn lockfile v1


"@electron/get@^2.0.0":
  version "2.0.2"
  resolved "https://registry.yarnpkg.com/@electron/get/-/get-2.0.2.tgz#ae2a967b22075e9c25aaf00d5941cd79c21efd7e"
  dependencies:
    debug "^4.1.1"
    env-paths "^2.2.0"
    fs-extra "^8.1.0"
    got "^11.8.5"
    progress "^2.0.3"
    semver "^6.2.0"
    sumchecker "^3.0.1"
  optionalDependencies:
    global-agent "^3.0.0"

"@sindresorhus/is@^4.0.0":
  version "4.6.0"
  resolved "https://registry.yarnpkg.com/@sindresorhus/is/-/is-4.6.0.tgz#3c7c9c46e678feefe7a2e5bb609d3dbd665ffb3f"

"@szmarczak/http-timer@^4.0.5":
  version "4.0.6"
  resolved "https://registry.yarnpkg.com/@szmarczak/http-timer/-/http-timer-4.0.6.tgz#b4a914bb62e7c272d4e5989fe4440f812ab1d807"
  dependencies:
    defer-to-connect "^2.0.0"

"@types/cacheable-request@^6.0.1":
  version "6.0.3"
  resolved "https://registry.yarnpkg.com/@types/cacheable-request/-/cacheable-request-6.0.3.tgz#a430b3260466ca7b5ca5bfd735693b36e7a9d183"
  dependencies:
    "@types/http-cache-semantics" "*"
    "@types/keyv" "^3.1.4"
    "@types/node" "*"
    "@types/responselike" "^1.0.0"

"@types/http-cache-semantics@*":
  version "4.0.1"
  resolved "https://registry.yarnpkg.com/@types/http-cache-semantics/-/http-cache-semantics-4.0.1.tgz#0ea7b61496902b95890dc4c3a116b60cb8dae812"

"@types/keyv@^3.1.4":
  version "3.1.4"
  resolved "https://registry.yarnpkg.com/@types/keyv/-/keyv-3.1.4.tgz#3ccdb1c6751b0c7e52300bcdacd5bcbf8faa75b6"
  dependencies:
    "@types/node" "*"

"@types/node@*":
  version "18.11.4"
  resolved "https://registry.npmjs.org/@types/node/-/node-18.11.4.tgz"

"@types/node@^16.11.26":
  version "16.18.0"
  resolved "https://registry.npmjs.org/@types/node/-/node-16.18.0.tgz"

"@types/responselike@^1.0.0":
  version "1.0.0"
  resolved "https://registry.yarnpkg.com/@types/responselike/-/responselike-1.0.0.tgz#251f4fe7d154d2bad125abe1b429b23afd262e29"
  dependencies:
    "@types/node" "*"

"@types/yauzl@^2.9.1":
  version "2.10.0"
  resolved "https://registry.npmjs.org/@types/yauzl/-/yauzl-2.10.0.tgz"
  dependencies:
    "@types/node" "*"

appdmg@^0.6.4:
  version "0.6.4"
  resolved "https://registry.npmjs.org/appdmg/-/appdmg-0.6.4.tgz"
  dependencies:
    async "^1.4.2"
    ds-store "^0.1.5"
    execa "^1.0.0"
    fs-temp "^1.0.0"
    fs-xattr "^0.3.0"
    image-size "^0.7.4"
    is-my-json-valid "^2.20.0"
    minimist "^1.1.3"
    parse-color "^1.0.0"
    path-exists "^4.0.0"
    repeat-string "^1.5.4"

async@^1.4.2:
  version "1.5.2"
  resolved "https://registry.npmjs.org/async/-/async-1.5.2.tgz"

"base32-encode@^0.1.0 || ^1.0.0":
  version "1.2.0"
  resolved "https://registry.npmjs.org/base32-encode/-/base32-encode-1.2.0.tgz"
  dependencies:
    to-data-view "^1.1.0"

boolean@^3.0.1:
  version "3.2.0"
  resolved "https://registry.npmjs.org/boolean/-/boolean-3.2.0.tgz"

bplist-creator@~0.0.3:
  version "0.0.8"
  resolved "https://registry.npmjs.org/bplist-creator/-/bplist-creator-0.0.8.tgz"
  dependencies:
    stream-buffers "~2.2.0"

buffer-crc32@~0.2.3:
  version "0.2.13"
  resolved "https://registry.npmjs.org/buffer-crc32/-/buffer-crc32-0.2.13.tgz"

cacheable-lookup@^5.0.3:
  version "5.0.4"
  resolved "https://registry.yarnpkg.com/cacheable-lookup/-/cacheable-lookup-5.0.4.tgz#5a6b865b2c44357be3d5ebc2a467b032719a7005"

cacheable-request@^7.0.2:
  version "7.0.2"
  resolved "https://registry.yarnpkg.com/cacheable-request/-/cacheable-request-7.0.2.tgz#ea0d0b889364a25854757301ca12b2da77f91d27"
  dependencies:
    clone-response "^1.0.2"
    get-stream "^5.1.0"
    http-cache-semantics "^4.0.0"
    keyv "^4.0.0"
    lowercase-keys "^2.0.0"
    normalize-url "^6.0.1"
    responselike "^2.0.0"

clone-response@^1.0.2:
  version "1.0.3"
  resolved "https://registry.npmjs.org/clone-response/-/clone-response-1.0.3.tgz"
  dependencies:
    mimic-response "^1.0.0"

color-convert@~0.5.0:
  version "0.5.3"
  resolved "https://registry.npmjs.org/color-convert/-/color-convert-0.5.3.tgz"

cross-spawn@^6.0.0:
  version "6.0.5"
  resolved "https://registry.npmjs.org/cross-spawn/-/cross-spawn-6.0.5.tgz"
  dependencies:
    nice-try "^1.0.4"
    path-key "^2.0.1"
    semver "^5.5.0"
    shebang-command "^1.2.0"
    which "^1.2.9"

debug@^4.1.0, debug@^4.1.1, debug@^4.3.2:
  version "4.3.4"
  resolved "https://registry.npmjs.org/debug/-/debug-4.3.4.tgz"
  dependencies:
    ms "2.1.2"

decompress-response@^6.0.0:
  version "6.0.0"
  resolved "https://registry.yarnpkg.com/decompress-response/-/decompress-response-6.0.0.tgz#ca387612ddb7e104bd16d85aab00d5ecf09c66fc"
  dependencies:
    mimic-response "^3.1.0"

defer-to-connect@^2.0.0:
  version "2.0.1"
  resolved "https://registry.yarnpkg.com/defer-to-connect/-/defer-to-connect-2.0.1.tgz#8016bdb4143e4632b77a3449c6236277de520587"

define-properties@^1.1.3:
  version "1.1.4"
  resolved "https://registry.npmjs.org/define-properties/-/define-properties-1.1.4.tgz"
  dependencies:
    has-property-descriptors "^1.0.0"
    object-keys "^1.1.1"

detect-node@^2.0.4:
  version "2.1.0"
  resolved "https://registry.npmjs.org/detect-node/-/detect-node-2.1.0.tgz"

ds-store@^0.1.5:
  version "0.1.6"
  resolved "https://registry.npmjs.org/ds-store/-/ds-store-0.1.6.tgz"
  dependencies:
    bplist-creator "~0.0.3"
    macos-alias "~0.2.5"
    tn1150 "^0.1.0"

electron-installer-dmg@^4.0.0:
  version "4.0.0"
  resolved "https://registry.npmjs.org/electron-installer-dmg/-/electron-installer-dmg-4.0.0.tgz"
  dependencies:
    debug "^4.3.2"
    minimist "^1.1.1"
  optionalDependencies:
    appdmg "^0.6.4"

electron@^22.0.1:
  version "22.0.1"
  resolved "https://registry.yarnpkg.com/electron/-/electron-22.0.1.tgz#32a8533848e41f07e53f6feb0656207da57d8707"
  dependencies:
    "@electron/get" "^2.0.0"
    "@types/node" "^16.11.26"
    extract-zip "^2.0.1"

encode-utf8@^1.0.3:
  version "1.0.3"
  resolved "https://registry.npmjs.org/encode-utf8/-/encode-utf8-1.0.3.tgz"

end-of-stream@^1.1.0:
  version "1.4.4"
  resolved "https://registry.npmjs.org/end-of-stream/-/end-of-stream-1.4.4.tgz"
  dependencies:
    once "^1.4.0"

env-paths@^2.2.0:
  version "2.2.1"
  resolved "https://registry.npmjs.org/env-paths/-/env-paths-2.2.1.tgz"

es6-error@^4.1.1:
  version "4.1.1"
  resolved "https://registry.npmjs.org/es6-error/-/es6-error-4.1.1.tgz"

escape-string-regexp@^4.0.0:
  version "4.0.0"
  resolved "https://registry.npmjs.org/escape-string-regexp/-/escape-string-regexp-4.0.0.tgz"

execa@^1.0.0:
  version "1.0.0"
  resolved "https://registry.npmjs.org/execa/-/execa-1.0.0.tgz"
  dependencies:
    cross-spawn "^6.0.0"
    get-stream "^4.0.0"
    is-stream "^1.1.0"
    npm-run-path "^2.0.0"
    p-finally "^1.0.0"
    signal-exit "^3.0.0"
    strip-eof "^1.0.0"

extract-zip@^2.0.1:
  version "2.0.1"
  resolved "https://registry.npmjs.org/extract-zip/-/extract-zip-2.0.1.tgz"
  dependencies:
    debug "^4.1.1"
    get-stream "^5.1.0"
    yauzl "^2.10.0"
  optionalDependencies:
    "@types/yauzl" "^2.9.1"

fd-slicer@~1.1.0:
  version "1.1.0"
  resolved "https://registry.npmjs.org/fd-slicer/-/fd-slicer-1.1.0.tgz"
  dependencies:
    pend "~1.2.0"

fmix@^0.1.0:
  version "0.1.0"
  resolved "https://registry.npmjs.org/fmix/-/fmix-0.1.0.tgz"
  dependencies:
    imul "^1.0.0"

fs-extra@^8.1.0:
  version "8.1.0"
  resolved "https://registry.npmjs.org/fs-extra/-/fs-extra-8.1.0.tgz"
  dependencies:
    graceful-fs "^4.2.0"
    jsonfile "^4.0.0"
    universalify "^0.1.0"

fs-temp@^1.0.0:
  version "1.2.1"
  resolved "https://registry.npmjs.org/fs-temp/-/fs-temp-1.2.1.tgz"
  dependencies:
    random-path "^0.1.0"

fs-xattr@^0.3.0:
  version "0.3.1"
  resolved "https://registry.npmjs.org/fs-xattr/-/fs-xattr-0.3.1.tgz"

function-bind@^1.1.1:
  version "1.1.1"
  resolved "https://registry.npmjs.org/function-bind/-/function-bind-1.1.1.tgz"

generate-function@^2.0.0:
  version "2.3.1"
  resolved "https://registry.npmjs.org/generate-function/-/generate-function-2.3.1.tgz"
  dependencies:
    is-property "^1.0.2"

generate-object-property@^1.1.0:
  version "1.2.0"
  resolved "https://registry.npmjs.org/generate-object-property/-/generate-object-property-1.2.0.tgz"
  dependencies:
    is-property "^1.0.0"

get-intrinsic@^1.1.1:
  version "1.1.3"
  resolved "https://registry.npmjs.org/get-intrinsic/-/get-intrinsic-1.1.3.tgz"
  dependencies:
    function-bind "^1.1.1"
    has "^1.0.3"
    has-symbols "^1.0.3"

get-stream@^4.0.0:
  version "4.1.0"
  resolved "https://registry.npmjs.org/get-stream/-/get-stream-4.1.0.tgz"
  dependencies:
    pump "^3.0.0"

get-stream@^5.1.0:
  version "5.2.0"
  resolved "https://registry.npmjs.org/get-stream/-/get-stream-5.2.0.tgz"
  dependencies:
    pump "^3.0.0"

global-agent@^3.0.0:
  version "3.0.0"
  resolved "https://registry.npmjs.org/global-agent/-/global-agent-3.0.0.tgz"
  dependencies:
    boolean "^3.0.1"
    es6-error "^4.1.1"
    matcher "^3.0.0"
    roarr "^2.15.3"
    semver "^7.3.2"
    serialize-error "^7.0.1"

globalthis@^1.0.1:
  version "1.0.3"
  resolved "https://registry.npmjs.org/globalthis/-/globalthis-1.0.3.tgz"
  dependencies:
    define-properties "^1.1.3"

got@^11.8.5:
  version "11.8.6"
  resolved "https://registry.yarnpkg.com/got/-/got-11.8.6.tgz#276e827ead8772eddbcfc97170590b841823233a"
  dependencies:
    "@sindresorhus/is" "^4.0.0"
    "@szmarczak/http-timer" "^4.0.5"
    "@types/cacheable-request" "^6.0.1"
    "@types/responselike" "^1.0.0"
    cacheable-lookup "^5.0.3"
    cacheable-request "^7.0.2"
    decompress-response "^6.0.0"
    http2-wrapper "^1.0.0-beta.5.2"
    lowercase-keys "^2.0.0"
    p-cancelable "^2.0.0"
    responselike "^2.0.0"

graceful-fs@^4.1.6, graceful-fs@^4.2.0:
  version "4.2.10"
  resolved "https://registry.npmjs.org/graceful-fs/-/graceful-fs-4.2.10.tgz"

has-property-descriptors@^1.0.0:
  version "1.0.0"
  resolved "https://registry.npmjs.org/has-property-descriptors/-/has-property-descriptors-1.0.0.tgz"
  dependencies:
    get-intrinsic "^1.1.1"

has-symbols@^1.0.3:
  version "1.0.3"
  resolved "https://registry.npmjs.org/has-symbols/-/has-symbols-1.0.3.tgz"

has@^1.0.3:
  version "1.0.3"
  resolved "https://registry.npmjs.org/has/-/has-1.0.3.tgz"
  dependencies:
    function-bind "^1.1.1"

http-cache-semantics@^4.0.0:
  version "4.1.0"
  resolved "https://registry.npmjs.org/http-cache-semantics/-/http-cache-semantics-4.1.0.tgz"

http2-wrapper@^1.0.0-beta.5.2:
  version "1.0.3"
  resolved "https://registry.yarnpkg.com/http2-wrapper/-/http2-wrapper-1.0.3.tgz#b8f55e0c1f25d4ebd08b3b0c2c079f9590800b3d"
  dependencies:
    quick-lru "^5.1.1"
    resolve-alpn "^1.0.0"

image-size@^0.7.4:
  version "0.7.5"
  resolved "https://registry.npmjs.org/image-size/-/image-size-0.7.5.tgz"

imul@^1.0.0:
  version "1.0.1"
  resolved "https://registry.npmjs.org/imul/-/imul-1.0.1.tgz"

is-my-ip-valid@^1.0.0:
  version "1.0.1"
  resolved "https://registry.npmjs.org/is-my-ip-valid/-/is-my-ip-valid-1.0.1.tgz"

is-my-json-valid@^2.20.0:
  version "2.20.6"
  resolved "https://registry.npmjs.org/is-my-json-valid/-/is-my-json-valid-2.20.6.tgz"
  dependencies:
    generate-function "^2.0.0"
    generate-object-property "^1.1.0"
    is-my-ip-valid "^1.0.0"
    jsonpointer "^5.0.0"
    xtend "^4.0.0"

is-property@^1.0.0, is-property@^1.0.2:
  version "1.0.2"
  resolved "https://registry.npmjs.org/is-property/-/is-property-1.0.2.tgz"

is-stream@^1.1.0:
  version "1.1.0"
  resolved "https://registry.npmjs.org/is-stream/-/is-stream-1.1.0.tgz"

isexe@^2.0.0:
  version "2.0.0"
  resolved "https://registry.npmjs.org/isexe/-/isexe-2.0.0.tgz"

json-buffer@3.0.1:
  version "3.0.1"
  resolved "https://registry.yarnpkg.com/json-buffer/-/json-buffer-3.0.1.tgz#9338802a30d3b6605fbe0613e094008ca8c05a13"

json-stringify-safe@^5.0.1:
  version "5.0.1"
  resolved "https://registry.npmjs.org/json-stringify-safe/-/json-stringify-safe-5.0.1.tgz"

jsonfile@^4.0.0:
  version "4.0.0"
  resolved "https://registry.npmjs.org/jsonfile/-/jsonfile-4.0.0.tgz"
  optionalDependencies:
    graceful-fs "^4.1.6"

jsonpointer@^5.0.0:
  version "5.0.1"
  resolved "https://registry.npmjs.org/jsonpointer/-/jsonpointer-5.0.1.tgz"

keyv@^4.0.0:
  version "4.5.2"
  resolved "https://registry.yarnpkg.com/keyv/-/keyv-4.5.2.tgz#0e310ce73bf7851ec702f2eaf46ec4e3805cce56"
  dependencies:
    json-buffer "3.0.1"

lowercase-keys@^2.0.0:
  version "2.0.0"
  resolved "https://registry.npmjs.org/lowercase-keys/-/lowercase-keys-2.0.0.tgz"

lru-cache@^6.0.0:
  version "6.0.0"
  resolved "https://registry.npmjs.org/lru-cache/-/lru-cache-6.0.0.tgz"
  dependencies:
    yallist "^4.0.0"

macos-alias@~0.2.5:
  version "0.2.11"
  resolved "https://registry.npmjs.org/macos-alias/-/macos-alias-0.2.11.tgz"
  dependencies:
    nan "^2.4.0"

matcher@^3.0.0:
  version "3.0.0"
  resolved "https://registry.npmjs.org/matcher/-/matcher-3.0.0.tgz"
  dependencies:
    escape-string-regexp "^4.0.0"

mimic-response@^1.0.0:
  version "1.0.1"
  resolved "https://registry.npmjs.org/mimic-response/-/mimic-response-1.0.1.tgz"

mimic-response@^3.1.0:
  version "3.1.0"
  resolved "https://registry.yarnpkg.com/mimic-response/-/mimic-response-3.1.0.tgz#2d1d59af9c1b129815accc2c46a022a5ce1fa3c9"

minimist@^1.1.1, minimist@^1.1.3:
  version "1.2.7"
  resolved "https://registry.npmjs.org/minimist/-/minimist-1.2.7.tgz"

ms@2.1.2:
  version "2.1.2"
  resolved "https://registry.npmjs.org/ms/-/ms-2.1.2.tgz"

"murmur-32@^0.1.0 || ^0.2.0":
  version "0.2.0"
  resolved "https://registry.npmjs.org/murmur-32/-/murmur-32-0.2.0.tgz"
  dependencies:
    encode-utf8 "^1.0.3"
    fmix "^0.1.0"
    imul "^1.0.0"

nan@^2.4.0:
  version "2.17.0"
  resolved "https://registry.npmjs.org/nan/-/nan-2.17.0.tgz"

nice-try@^1.0.4:
  version "1.0.5"
  resolved "https://registry.npmjs.org/nice-try/-/nice-try-1.0.5.tgz"

node-tesseract-ocr@^2.2.1:
  version "2.2.1"
  resolved "https://registry.npmjs.org/node-tesseract-ocr/-/node-tesseract-ocr-2.2.1.tgz"

normalize-url@^6.0.1:
  version "6.1.0"
  resolved "https://registry.yarnpkg.com/normalize-url/-/normalize-url-6.1.0.tgz#40d0885b535deffe3f3147bec877d05fe4c5668a"

npm-run-path@^2.0.0:
  version "2.0.2"
  resolved "https://registry.npmjs.org/npm-run-path/-/npm-run-path-2.0.2.tgz"
  dependencies:
    path-key "^2.0.0"

object-keys@^1.1.1:
  version "1.1.1"
  resolved "https://registry.npmjs.org/object-keys/-/object-keys-1.1.1.tgz"

once@^1.3.1, once@^1.4.0:
  version "1.4.0"
  resolved "https://registry.npmjs.org/once/-/once-1.4.0.tgz"
  dependencies:
    wrappy "1"

p-cancelable@^2.0.0:
  version "2.1.1"
  resolved "https://registry.yarnpkg.com/p-cancelable/-/p-cancelable-2.1.1.tgz#aab7fbd416582fa32a3db49859c122487c5ed2cf"

p-finally@^1.0.0:
  version "1.0.0"
  resolved "https://registry.npmjs.org/p-finally/-/p-finally-1.0.0.tgz"

parse-color@^1.0.0:
  version "1.0.0"
  resolved "https://registry.npmjs.org/parse-color/-/parse-color-1.0.0.tgz"
  dependencies:
    color-convert "~0.5.0"

path-exists@^4.0.0:
  version "4.0.0"
  resolved "https://registry.npmjs.org/path-exists/-/path-exists-4.0.0.tgz"

path-key@^2.0.0, path-key@^2.0.1:
  version "2.0.1"
  resolved "https://registry.npmjs.org/path-key/-/path-key-2.0.1.tgz"

pend@~1.2.0:
  version "1.2.0"
  resolved "https://registry.npmjs.org/pend/-/pend-1.2.0.tgz"

progress@^2.0.3:
  version "2.0.3"
  resolved "https://registry.npmjs.org/progress/-/progress-2.0.3.tgz"

pump@^3.0.0:
  version "3.0.0"
  resolved "https://registry.npmjs.org/pump/-/pump-3.0.0.tgz"
  dependencies:
    end-of-stream "^1.1.0"
    once "^1.3.1"

quick-lru@^5.1.1:
  version "5.1.1"
  resolved "https://registry.yarnpkg.com/quick-lru/-/quick-lru-5.1.1.tgz#366493e6b3e42a3a6885e2e99d18f80fb7a8c932"

random-path@^0.1.0:
  version "0.1.2"
  resolved "https://registry.npmjs.org/random-path/-/random-path-0.1.2.tgz"
  dependencies:
    base32-encode "^0.1.0 || ^1.0.0"
    murmur-32 "^0.1.0 || ^0.2.0"

repeat-string@^1.5.4:
  version "1.6.1"
  resolved "https://registry.npmjs.org/repeat-string/-/repeat-string-1.6.1.tgz"

resolve-alpn@^1.0.0:
  version "1.2.1"
  resolved "https://registry.yarnpkg.com/resolve-alpn/-/resolve-alpn-1.2.1.tgz#b7adbdac3546aaaec20b45e7d8265927072726f9"

responselike@^2.0.0:
  version "2.0.1"
  resolved "https://registry.yarnpkg.com/responselike/-/responselike-2.0.1.tgz#9a0bc8fdc252f3fb1cca68b016591059ba1422bc"
  dependencies:
    lowercase-keys "^2.0.0"

roarr@^2.15.3:
  version "2.15.4"
  resolved "https://registry.npmjs.org/roarr/-/roarr-2.15.4.tgz"
  dependencies:
    boolean "^3.0.1"
    detect-node "^2.0.4"
    globalthis "^1.0.1"
    json-stringify-safe "^5.0.1"
    semver-compare "^1.0.0"
    sprintf-js "^1.1.2"

semver-compare@^1.0.0:
  version "1.0.0"
  resolved "https://registry.npmjs.org/semver-compare/-/semver-compare-1.0.0.tgz"

semver@^5.5.0:
  version "5.7.1"
  resolved "https://registry.npmjs.org/semver/-/semver-5.7.1.tgz"

semver@^6.2.0:
  version "6.3.0"
  resolved "https://registry.npmjs.org/semver/-/semver-6.3.0.tgz"

semver@^7.3.2:
  version "7.3.8"
  resolved "https://registry.npmjs.org/semver/-/semver-7.3.8.tgz"
  dependencies:
    lru-cache "^6.0.0"

serialize-error@^7.0.1:
  version "7.0.1"
  resolved "https://registry.npmjs.org/serialize-error/-/serialize-error-7.0.1.tgz"
  dependencies:
    type-fest "^0.13.1"

shebang-command@^1.2.0:
  version "1.2.0"
  resolved "https://registry.npmjs.org/shebang-command/-/shebang-command-1.2.0.tgz"
  dependencies:
    shebang-regex "^1.0.0"

shebang-regex@^1.0.0:
  version "1.0.0"
  resolved "https://registry.npmjs.org/shebang-regex/-/shebang-regex-1.0.0.tgz"

signal-exit@^3.0.0:
  version "3.0.7"
  resolved "https://registry.npmjs.org/signal-exit/-/signal-exit-3.0.7.tgz"

sprintf-js@^1.1.2:
  version "1.1.2"
  resolved "https://registry.npmjs.org/sprintf-js/-/sprintf-js-1.1.2.tgz"

stream-buffers@~2.2.0:
  version "2.2.0"
  resolved "https://registry.npmjs.org/stream-buffers/-/stream-buffers-2.2.0.tgz"

strip-eof@^1.0.0:
  version "1.0.0"
  resolved "https://registry.npmjs.org/strip-eof/-/strip-eof-1.0.0.tgz"

sumchecker@^3.0.1:
  version "3.0.1"
  resolved "https://registry.npmjs.org/sumchecker/-/sumchecker-3.0.1.tgz"
  dependencies:
    debug "^4.1.0"

tn1150@^0.1.0:
  version "0.1.0"
  resolved "https://registry.npmjs.org/tn1150/-/tn1150-0.1.0.tgz"
  dependencies:
    unorm "^1.4.1"

to-data-view@^1.1.0:
  version "1.1.0"
  resolved "https://registry.npmjs.org/to-data-view/-/to-data-view-1.1.0.tgz"

type-fest@^0.13.1:
  version "0.13.1"
  resolved "https://registry.npmjs.org/type-fest/-/type-fest-0.13.1.tgz"

universalify@^0.1.0:
  version "0.1.2"
  resolved "https://registry.npmjs.org/universalify/-/universalify-0.1.2.tgz"

unorm@^1.4.1:
  version "1.6.0"
  resolved "https://registry.npmjs.org/unorm/-/unorm-1.6.0.tgz"

which@^1.2.9:
  version "1.3.1"
  resolved "https://registry.npmjs.org/which/-/which-1.3.1.tgz"
  dependencies:
    isexe "^2.0.0"

wrappy@1:
  version "1.0.2"
  resolved "https://registry.npmjs.org/wrappy/-/wrappy-1.0.2.tgz"

xtend@^4.0.0:
  version "4.0.2"
  resolved "https://registry.npmjs.org/xtend/-/xtend-4.0.2.tgz"

yallist@^4.0.0:
  version "4.0.0"
  resolved "https://registry.npmjs.org/yallist/-/yallist-4.0.0.tgz"

yauzl@^2.10.0:
  version "2.10.0"
  resolved "https://registry.npmjs.org/yauzl/-/yauzl-2.10.0.tgz"
  dependencies:
    buffer-crc32 "~0.2.3"
    fd-slicer "~1.1.0"
