# THIS IS AN AUTOGENERATED FILE. DO NOT EDIT THIS FILE DIRECTLY.
# yarn lockfile v1


"@electron/get@^1.14.1":
  version "1.14.1"
  resolved "https://registry.npmjs.org/@electron/get/-/get-1.14.1.tgz"
  dependencies:
    debug "^4.1.1"
    env-paths "^2.2.0"
    fs-extra "^8.1.0"
    got "^9.6.0"
    progress "^2.0.3"
    semver "^6.2.0"
    sumchecker "^3.0.1"
  optionalDependencies:
    global-agent "^3.0.0"
    global-tunnel-ng "^2.7.1"

"@sindresorhus/is@^0.14.0":
  version "0.14.0"
  resolved "https://registry.npmjs.org/@sindresorhus/is/-/is-0.14.0.tgz"

"@szmarczak/http-timer@^1.1.2":
  version "1.1.2"
  resolved "https://registry.npmjs.org/@szmarczak/http-timer/-/http-timer-1.1.2.tgz"
  dependencies:
    defer-to-connect "^1.0.1"

"@types/node@*":
  version "18.11.4"
  resolved "https://registry.npmjs.org/@types/node/-/node-18.11.4.tgz"

"@types/node@^16.11.26":
  version "16.18.0"
  resolved "https://registry.npmjs.org/@types/node/-/node-16.18.0.tgz"

"@types/yauzl@^2.9.1":
  version "2.10.0"
  resolved "https://registry.npmjs.org/@types/yauzl/-/yauzl-2.10.0.tgz"
  dependencies:
    "@types/node" "*"

appdmg@^0.6.4:
  version "0.6.4"
  resolved "https://registry.npmjs.org/appdmg/-/appdmg-0.6.4.tgz"
  dependencies:
    async "^1.4.2"
    ds-store "^0.1.5"
    execa "^1.0.0"
    fs-temp "^1.0.0"
    fs-xattr "^0.3.0"
    image-size "^0.7.4"
    is-my-json-valid "^2.20.0"
    minimist "^1.1.3"
    parse-color "^1.0.0"
    path-exists "^4.0.0"
    repeat-string "^1.5.4"

async@^1.4.2:
  version "1.5.2"
  resolved "https://registry.npmjs.org/async/-/async-1.5.2.tgz"

"base32-encode@^0.1.0 || ^1.0.0":
  version "1.2.0"
  resolved "https://registry.npmjs.org/base32-encode/-/base32-encode-1.2.0.tgz"
  dependencies:
    to-data-view "^1.1.0"

boolean@^3.0.1:
  version "3.2.0"
  resolved "https://registry.npmjs.org/boolean/-/boolean-3.2.0.tgz"

bplist-creator@~0.0.3:
  version "0.0.8"
  resolved "https://registry.npmjs.org/bplist-creator/-/bplist-creator-0.0.8.tgz"
  dependencies:
    stream-buffers "~2.2.0"

buffer-crc32@~0.2.3:
  version "0.2.13"
  resolved "https://registry.npmjs.org/buffer-crc32/-/buffer-crc32-0.2.13.tgz"

cacheable-request@^6.0.0:
  version "6.1.0"
  resolved "https://registry.npmjs.org/cacheable-request/-/cacheable-request-6.1.0.tgz"
  dependencies:
    clone-response "^1.0.2"
    get-stream "^5.1.0"
    http-cache-semantics "^4.0.0"
    keyv "^3.0.0"
    lowercase-keys "^2.0.0"
    normalize-url "^4.1.0"
    responselike "^1.0.2"

clone-response@^1.0.2:
  version "1.0.3"
  resolved "https://registry.npmjs.org/clone-response/-/clone-response-1.0.3.tgz"
  dependencies:
    mimic-response "^1.0.0"

color-convert@~0.5.0:
  version "0.5.3"
  resolved "https://registry.npmjs.org/color-convert/-/color-convert-0.5.3.tgz"

config-chain@^1.1.11:
  version "1.1.13"
  resolved "https://registry.npmjs.org/config-chain/-/config-chain-1.1.13.tgz"
  dependencies:
    ini "^1.3.4"
    proto-list "~1.2.1"

cross-spawn@^6.0.0:
  version "6.0.5"
  resolved "https://registry.npmjs.org/cross-spawn/-/cross-spawn-6.0.5.tgz"
  dependencies:
    nice-try "^1.0.4"
    path-key "^2.0.1"
    semver "^5.5.0"
    shebang-command "^1.2.0"
    which "^1.2.9"

debug@^4.1.0, debug@^4.1.1, debug@^4.3.2:
  version "4.3.4"
  resolved "https://registry.npmjs.org/debug/-/debug-4.3.4.tgz"
  dependencies:
    ms "2.1.2"

decompress-response@^3.3.0:
  version "3.3.0"
  resolved "https://registry.npmjs.org/decompress-response/-/decompress-response-3.3.0.tgz"
  dependencies:
    mimic-response "^1.0.0"

defer-to-connect@^1.0.1:
  version "1.1.3"
  resolved "https://registry.npmjs.org/defer-to-connect/-/defer-to-connect-1.1.3.tgz"

define-properties@^1.1.3:
  version "1.1.4"
  resolved "https://registry.npmjs.org/define-properties/-/define-properties-1.1.4.tgz"
  dependencies:
    has-property-descriptors "^1.0.0"
    object-keys "^1.1.1"

detect-node@^2.0.4:
  version "2.1.0"
  resolved "https://registry.npmjs.org/detect-node/-/detect-node-2.1.0.tgz"

ds-store@^0.1.5:
  version "0.1.6"
  resolved "https://registry.npmjs.org/ds-store/-/ds-store-0.1.6.tgz"
  dependencies:
    bplist-creator "~0.0.3"
    macos-alias "~0.2.5"
    tn1150 "^0.1.0"

duplexer3@^0.1.4:
  version "0.1.5"
  resolved "https://registry.npmjs.org/duplexer3/-/duplexer3-0.1.5.tgz"

electron-installer-dmg@^4.0.0:
  version "4.0.0"
  resolved "https://registry.npmjs.org/electron-installer-dmg/-/electron-installer-dmg-4.0.0.tgz"
  dependencies:
    debug "^4.3.2"
    minimist "^1.1.1"
  optionalDependencies:
    appdmg "^0.6.4"

electron@^21.3.1:
  version "21.3.1"
  resolved "https://registry.yarnpkg.com/electron/-/electron-21.3.1.tgz#02a61053ace79ecdc592afc641ff663dec805b42"
  dependencies:
    "@electron/get" "^1.14.1"
    "@types/node" "^16.11.26"
    extract-zip "^2.0.1"

encode-utf8@^1.0.3:
  version "1.0.3"
  resolved "https://registry.npmjs.org/encode-utf8/-/encode-utf8-1.0.3.tgz"

encodeurl@^1.0.2:
  version "1.0.2"
  resolved "https://registry.npmjs.org/encodeurl/-/encodeurl-1.0.2.tgz"

end-of-stream@^1.1.0:
  version "1.4.4"
  resolved "https://registry.npmjs.org/end-of-stream/-/end-of-stream-1.4.4.tgz"
  dependencies:
    once "^1.4.0"

env-paths@^2.2.0:
  version "2.2.1"
  resolved "https://registry.npmjs.org/env-paths/-/env-paths-2.2.1.tgz"

es6-error@^4.1.1:
  version "4.1.1"
  resolved "https://registry.npmjs.org/es6-error/-/es6-error-4.1.1.tgz"

escape-string-regexp@^4.0.0:
  version "4.0.0"
  resolved "https://registry.npmjs.org/escape-string-regexp/-/escape-string-regexp-4.0.0.tgz"

execa@^1.0.0:
  version "1.0.0"
  resolved "https://registry.npmjs.org/execa/-/execa-1.0.0.tgz"
  dependencies:
    cross-spawn "^6.0.0"
    get-stream "^4.0.0"
    is-stream "^1.1.0"
    npm-run-path "^2.0.0"
    p-finally "^1.0.0"
    signal-exit "^3.0.0"
    strip-eof "^1.0.0"

extract-zip@^2.0.1:
  version "2.0.1"
  resolved "https://registry.npmjs.org/extract-zip/-/extract-zip-2.0.1.tgz"
  dependencies:
    debug "^4.1.1"
    get-stream "^5.1.0"
    yauzl "^2.10.0"
  optionalDependencies:
    "@types/yauzl" "^2.9.1"

fd-slicer@~1.1.0:
  version "1.1.0"
  resolved "https://registry.npmjs.org/fd-slicer/-/fd-slicer-1.1.0.tgz"
  dependencies:
    pend "~1.2.0"

fmix@^0.1.0:
  version "0.1.0"
  resolved "https://registry.npmjs.org/fmix/-/fmix-0.1.0.tgz"
  dependencies:
    imul "^1.0.0"

fs-extra@^8.1.0:
  version "8.1.0"
  resolved "https://registry.npmjs.org/fs-extra/-/fs-extra-8.1.0.tgz"
  dependencies:
    graceful-fs "^4.2.0"
    jsonfile "^4.0.0"
    universalify "^0.1.0"

fs-temp@^1.0.0:
  version "1.2.1"
  resolved "https://registry.npmjs.org/fs-temp/-/fs-temp-1.2.1.tgz"
  dependencies:
    random-path "^0.1.0"

fs-xattr@^0.3.0:
  version "0.3.1"
  resolved "https://registry.npmjs.org/fs-xattr/-/fs-xattr-0.3.1.tgz"

function-bind@^1.1.1:
  version "1.1.1"
  resolved "https://registry.npmjs.org/function-bind/-/function-bind-1.1.1.tgz"

generate-function@^2.0.0:
  version "2.3.1"
  resolved "https://registry.npmjs.org/generate-function/-/generate-function-2.3.1.tgz"
  dependencies:
    is-property "^1.0.2"

generate-object-property@^1.1.0:
  version "1.2.0"
  resolved "https://registry.npmjs.org/generate-object-property/-/generate-object-property-1.2.0.tgz"
  dependencies:
    is-property "^1.0.0"

get-intrinsic@^1.1.1:
  version "1.1.3"
  resolved "https://registry.npmjs.org/get-intrinsic/-/get-intrinsic-1.1.3.tgz"
  dependencies:
    function-bind "^1.1.1"
    has "^1.0.3"
    has-symbols "^1.0.3"

get-stream@^4.0.0, get-stream@^4.1.0:
  version "4.1.0"
  resolved "https://registry.npmjs.org/get-stream/-/get-stream-4.1.0.tgz"
  dependencies:
    pump "^3.0.0"

get-stream@^5.1.0:
  version "5.2.0"
  resolved "https://registry.npmjs.org/get-stream/-/get-stream-5.2.0.tgz"
  dependencies:
    pump "^3.0.0"

global-agent@^3.0.0:
  version "3.0.0"
  resolved "https://registry.npmjs.org/global-agent/-/global-agent-3.0.0.tgz"
  dependencies:
    boolean "^3.0.1"
    es6-error "^4.1.1"
    matcher "^3.0.0"
    roarr "^2.15.3"
    semver "^7.3.2"
    serialize-error "^7.0.1"

global-tunnel-ng@^2.7.1:
  version "2.7.1"
  resolved "https://registry.npmjs.org/global-tunnel-ng/-/global-tunnel-ng-2.7.1.tgz"
  dependencies:
    encodeurl "^1.0.2"
    lodash "^4.17.10"
    npm-conf "^1.1.3"
    tunnel "^0.0.6"

globalthis@^1.0.1:
  version "1.0.3"
  resolved "https://registry.npmjs.org/globalthis/-/globalthis-1.0.3.tgz"
  dependencies:
    define-properties "^1.1.3"

got@^9.6.0:
  version "9.6.0"
  resolved "https://registry.npmjs.org/got/-/got-9.6.0.tgz"
  dependencies:
    "@sindresorhus/is" "^0.14.0"
    "@szmarczak/http-timer" "^1.1.2"
    cacheable-request "^6.0.0"
    decompress-response "^3.3.0"
    duplexer3 "^0.1.4"
    get-stream "^4.1.0"
    lowercase-keys "^1.0.1"
    mimic-response "^1.0.1"
    p-cancelable "^1.0.0"
    to-readable-stream "^1.0.0"
    url-parse-lax "^3.0.0"

graceful-fs@^4.1.6, graceful-fs@^4.2.0:
  version "4.2.10"
  resolved "https://registry.npmjs.org/graceful-fs/-/graceful-fs-4.2.10.tgz"

has-property-descriptors@^1.0.0:
  version "1.0.0"
  resolved "https://registry.npmjs.org/has-property-descriptors/-/has-property-descriptors-1.0.0.tgz"
  dependencies:
    get-intrinsic "^1.1.1"

has-symbols@^1.0.3:
  version "1.0.3"
  resolved "https://registry.npmjs.org/has-symbols/-/has-symbols-1.0.3.tgz"

has@^1.0.3:
  version "1.0.3"
  resolved "https://registry.npmjs.org/has/-/has-1.0.3.tgz"
  dependencies:
    function-bind "^1.1.1"

http-cache-semantics@^4.0.0:
  version "4.1.0"
  resolved "https://registry.npmjs.org/http-cache-semantics/-/http-cache-semantics-4.1.0.tgz"

image-size@^0.7.4:
  version "0.7.5"
  resolved "https://registry.npmjs.org/image-size/-/image-size-0.7.5.tgz"

imul@^1.0.0:
  version "1.0.1"
  resolved "https://registry.npmjs.org/imul/-/imul-1.0.1.tgz"

ini@^1.3.4:
  version "1.3.8"
  resolved "https://registry.npmjs.org/ini/-/ini-1.3.8.tgz"

is-my-ip-valid@^1.0.0:
  version "1.0.1"
  resolved "https://registry.npmjs.org/is-my-ip-valid/-/is-my-ip-valid-1.0.1.tgz"

is-my-json-valid@^2.20.0:
  version "2.20.6"
  resolved "https://registry.npmjs.org/is-my-json-valid/-/is-my-json-valid-2.20.6.tgz"
  dependencies:
    generate-function "^2.0.0"
    generate-object-property "^1.1.0"
    is-my-ip-valid "^1.0.0"
    jsonpointer "^5.0.0"
    xtend "^4.0.0"

is-property@^1.0.0, is-property@^1.0.2:
  version "1.0.2"
  resolved "https://registry.npmjs.org/is-property/-/is-property-1.0.2.tgz"

is-stream@^1.1.0:
  version "1.1.0"
  resolved "https://registry.npmjs.org/is-stream/-/is-stream-1.1.0.tgz"

isexe@^2.0.0:
  version "2.0.0"
  resolved "https://registry.npmjs.org/isexe/-/isexe-2.0.0.tgz"

json-buffer@3.0.0:
  version "3.0.0"
  resolved "https://registry.npmjs.org/json-buffer/-/json-buffer-3.0.0.tgz"

json-stringify-safe@^5.0.1:
  version "5.0.1"
  resolved "https://registry.npmjs.org/json-stringify-safe/-/json-stringify-safe-5.0.1.tgz"

jsonfile@^4.0.0:
  version "4.0.0"
  resolved "https://registry.npmjs.org/jsonfile/-/jsonfile-4.0.0.tgz"
  optionalDependencies:
    graceful-fs "^4.1.6"

jsonpointer@^5.0.0:
  version "5.0.1"
  resolved "https://registry.npmjs.org/jsonpointer/-/jsonpointer-5.0.1.tgz"

keyv@^3.0.0:
  version "3.1.0"
  resolved "https://registry.npmjs.org/keyv/-/keyv-3.1.0.tgz"
  dependencies:
    json-buffer "3.0.0"

lodash@^4.17.10:
  version "4.17.21"
  resolved "https://registry.npmjs.org/lodash/-/lodash-4.17.21.tgz"

lowercase-keys@^1.0.0, lowercase-keys@^1.0.1:
  version "1.0.1"
  resolved "https://registry.npmjs.org/lowercase-keys/-/lowercase-keys-1.0.1.tgz"

lowercase-keys@^2.0.0:
  version "2.0.0"
  resolved "https://registry.npmjs.org/lowercase-keys/-/lowercase-keys-2.0.0.tgz"

lru-cache@^6.0.0:
  version "6.0.0"
  resolved "https://registry.npmjs.org/lru-cache/-/lru-cache-6.0.0.tgz"
  dependencies:
    yallist "^4.0.0"

macos-alias@~0.2.5:
  version "0.2.11"
  resolved "https://registry.npmjs.org/macos-alias/-/macos-alias-0.2.11.tgz"
  dependencies:
    nan "^2.4.0"

matcher@^3.0.0:
  version "3.0.0"
  resolved "https://registry.npmjs.org/matcher/-/matcher-3.0.0.tgz"
  dependencies:
    escape-string-regexp "^4.0.0"

mimic-response@^1.0.0, mimic-response@^1.0.1:
  version "1.0.1"
  resolved "https://registry.npmjs.org/mimic-response/-/mimic-response-1.0.1.tgz"

minimist@^1.1.1, minimist@^1.1.3:
  version "1.2.7"
  resolved "https://registry.npmjs.org/minimist/-/minimist-1.2.7.tgz"

ms@2.1.2:
  version "2.1.2"
  resolved "https://registry.npmjs.org/ms/-/ms-2.1.2.tgz"

"murmur-32@^0.1.0 || ^0.2.0":
  version "0.2.0"
  resolved "https://registry.npmjs.org/murmur-32/-/murmur-32-0.2.0.tgz"
  dependencies:
    encode-utf8 "^1.0.3"
    fmix "^0.1.0"
    imul "^1.0.0"

nan@^2.4.0:
  version "2.17.0"
  resolved "https://registry.npmjs.org/nan/-/nan-2.17.0.tgz"

nice-try@^1.0.4:
  version "1.0.5"
  resolved "https://registry.npmjs.org/nice-try/-/nice-try-1.0.5.tgz"

node-tesseract-ocr@^2.2.1:
  version "2.2.1"
  resolved "https://registry.npmjs.org/node-tesseract-ocr/-/node-tesseract-ocr-2.2.1.tgz"

normalize-url@^4.1.0:
  version "4.5.1"
  resolved "https://registry.npmjs.org/normalize-url/-/normalize-url-4.5.1.tgz"

npm-conf@^1.1.3:
  version "1.1.3"
  resolved "https://registry.npmjs.org/npm-conf/-/npm-conf-1.1.3.tgz"
  dependencies:
    config-chain "^1.1.11"
    pify "^3.0.0"

npm-run-path@^2.0.0:
  version "2.0.2"
  resolved "https://registry.npmjs.org/npm-run-path/-/npm-run-path-2.0.2.tgz"
  dependencies:
    path-key "^2.0.0"

object-keys@^1.1.1:
  version "1.1.1"
  resolved "https://registry.npmjs.org/object-keys/-/object-keys-1.1.1.tgz"

once@^1.3.1, once@^1.4.0:
  version "1.4.0"
  resolved "https://registry.npmjs.org/once/-/once-1.4.0.tgz"
  dependencies:
    wrappy "1"

p-cancelable@^1.0.0:
  version "1.1.0"
  resolved "https://registry.npmjs.org/p-cancelable/-/p-cancelable-1.1.0.tgz"

p-finally@^1.0.0:
  version "1.0.0"
  resolved "https://registry.npmjs.org/p-finally/-/p-finally-1.0.0.tgz"

parse-color@^1.0.0:
  version "1.0.0"
  resolved "https://registry.npmjs.org/parse-color/-/parse-color-1.0.0.tgz"
  dependencies:
    color-convert "~0.5.0"

path-exists@^4.0.0:
  version "4.0.0"
  resolved "https://registry.npmjs.org/path-exists/-/path-exists-4.0.0.tgz"

path-key@^2.0.0, path-key@^2.0.1:
  version "2.0.1"
  resolved "https://registry.npmjs.org/path-key/-/path-key-2.0.1.tgz"

pend@~1.2.0:
  version "1.2.0"
  resolved "https://registry.npmjs.org/pend/-/pend-1.2.0.tgz"

pify@^3.0.0:
  version "3.0.0"
  resolved "https://registry.npmjs.org/pify/-/pify-3.0.0.tgz"

prepend-http@^2.0.0:
  version "2.0.0"
  resolved "https://registry.npmjs.org/prepend-http/-/prepend-http-2.0.0.tgz"

progress@^2.0.3:
  version "2.0.3"
  resolved "https://registry.npmjs.org/progress/-/progress-2.0.3.tgz"

proto-list@~1.2.1:
  version "1.2.4"
  resolved "https://registry.npmjs.org/proto-list/-/proto-list-1.2.4.tgz"

pump@^3.0.0:
  version "3.0.0"
  resolved "https://registry.npmjs.org/pump/-/pump-3.0.0.tgz"
  dependencies:
    end-of-stream "^1.1.0"
    once "^1.3.1"

random-path@^0.1.0:
  version "0.1.2"
  resolved "https://registry.npmjs.org/random-path/-/random-path-0.1.2.tgz"
  dependencies:
    base32-encode "^0.1.0 || ^1.0.0"
    murmur-32 "^0.1.0 || ^0.2.0"

repeat-string@^1.5.4:
  version "1.6.1"
  resolved "https://registry.npmjs.org/repeat-string/-/repeat-string-1.6.1.tgz"

responselike@^1.0.2:
  version "1.0.2"
  resolved "https://registry.npmjs.org/responselike/-/responselike-1.0.2.tgz"
  dependencies:
    lowercase-keys "^1.0.0"

roarr@^2.15.3:
  version "2.15.4"
  resolved "https://registry.npmjs.org/roarr/-/roarr-2.15.4.tgz"
  dependencies:
    boolean "^3.0.1"
    detect-node "^2.0.4"
    globalthis "^1.0.1"
    json-stringify-safe "^5.0.1"
    semver-compare "^1.0.0"
    sprintf-js "^1.1.2"

semver-compare@^1.0.0:
  version "1.0.0"
  resolved "https://registry.npmjs.org/semver-compare/-/semver-compare-1.0.0.tgz"

semver@^5.5.0:
  version "5.7.1"
  resolved "https://registry.npmjs.org/semver/-/semver-5.7.1.tgz"

semver@^6.2.0:
  version "6.3.0"
  resolved "https://registry.npmjs.org/semver/-/semver-6.3.0.tgz"

semver@^7.3.2:
  version "7.3.8"
  resolved "https://registry.npmjs.org/semver/-/semver-7.3.8.tgz"
  dependencies:
    lru-cache "^6.0.0"

serialize-error@^7.0.1:
  version "7.0.1"
  resolved "https://registry.npmjs.org/serialize-error/-/serialize-error-7.0.1.tgz"
  dependencies:
    type-fest "^0.13.1"

shebang-command@^1.2.0:
  version "1.2.0"
  resolved "https://registry.npmjs.org/shebang-command/-/shebang-command-1.2.0.tgz"
  dependencies:
    shebang-regex "^1.0.0"

shebang-regex@^1.0.0:
  version "1.0.0"
  resolved "https://registry.npmjs.org/shebang-regex/-/shebang-regex-1.0.0.tgz"

signal-exit@^3.0.0:
  version "3.0.7"
  resolved "https://registry.npmjs.org/signal-exit/-/signal-exit-3.0.7.tgz"

sprintf-js@^1.1.2:
  version "1.1.2"
  resolved "https://registry.npmjs.org/sprintf-js/-/sprintf-js-1.1.2.tgz"

stream-buffers@~2.2.0:
  version "2.2.0"
  resolved "https://registry.npmjs.org/stream-buffers/-/stream-buffers-2.2.0.tgz"

strip-eof@^1.0.0:
  version "1.0.0"
  resolved "https://registry.npmjs.org/strip-eof/-/strip-eof-1.0.0.tgz"

sumchecker@^3.0.1:
  version "3.0.1"
  resolved "https://registry.npmjs.org/sumchecker/-/sumchecker-3.0.1.tgz"
  dependencies:
    debug "^4.1.0"

tn1150@^0.1.0:
  version "0.1.0"
  resolved "https://registry.npmjs.org/tn1150/-/tn1150-0.1.0.tgz"
  dependencies:
    unorm "^1.4.1"

to-data-view@^1.1.0:
  version "1.1.0"
  resolved "https://registry.npmjs.org/to-data-view/-/to-data-view-1.1.0.tgz"

to-readable-stream@^1.0.0:
  version "1.0.0"
  resolved "https://registry.npmjs.org/to-readable-stream/-/to-readable-stream-1.0.0.tgz"

tunnel@^0.0.6:
  version "0.0.6"
  resolved "https://registry.npmjs.org/tunnel/-/tunnel-0.0.6.tgz"

type-fest@^0.13.1:
  version "0.13.1"
  resolved "https://registry.npmjs.org/type-fest/-/type-fest-0.13.1.tgz"

universalify@^0.1.0:
  version "0.1.2"
  resolved "https://registry.npmjs.org/universalify/-/universalify-0.1.2.tgz"

unorm@^1.4.1:
  version "1.6.0"
  resolved "https://registry.npmjs.org/unorm/-/unorm-1.6.0.tgz"

url-parse-lax@^3.0.0:
  version "3.0.0"
  resolved "https://registry.npmjs.org/url-parse-lax/-/url-parse-lax-3.0.0.tgz"
  dependencies:
    prepend-http "^2.0.0"

which@^1.2.9:
  version "1.3.1"
  resolved "https://registry.npmjs.org/which/-/which-1.3.1.tgz"
  dependencies:
    isexe "^2.0.0"

wrappy@1:
  version "1.0.2"
  resolved "https://registry.npmjs.org/wrappy/-/wrappy-1.0.2.tgz"

xtend@^4.0.0:
  version "4.0.2"
  resolved "https://registry.npmjs.org/xtend/-/xtend-4.0.2.tgz"

yallist@^4.0.0:
  version "4.0.0"
  resolved "https://registry.npmjs.org/yallist/-/yallist-4.0.0.tgz"

yauzl@^2.10.0:
  version "2.10.0"
  resolved "https://registry.npmjs.org/yauzl/-/yauzl-2.10.0.tgz"
  dependencies:
    buffer-crc32 "~0.2.3"
    fd-slicer "~1.1.0"
